
Microsoft Visual Studio Solution File, Format Version 12.00
# Visual Studio 2015
Project("{FAE04EC0-301F-11D3-BF4B-00C04F79EFBC}") = "simple_demo", "simple_demo.csproj", "{B273B395-C0F8-8C44-63BF-9D7CB699C861}"
EndProject
Global
	GlobalSection(SolutionConfigurationPlatforms) = preSolution
		Debug|Any CPU = Debug|Any CPU
		Release|Any CPU = Release|Any CPU
	EndGlobalSection
	GlobalSection(ProjectConfigurationPlatforms) = postSolution
		{B273B395-C0F8-8C44-63BF-9D7CB699C861}.Debug|Any CPU.ActiveCfg = Debug|Any CPU
		{B273B395-C0F8-8C44-63BF-9D7CB699C861}.Debug|Any CPU.Build.0 = Debug|Any CPU
		{B273B395-C0F8-8C44-63BF-9D7CB699C861}.Release|Any CPU.ActiveCfg = Release|Any CPU
		{B273B395-C0F8-8C44-63BF-9D7CB699C861}.Release|Any CPU.Build.0 = Release|Any CPU
	EndGlobalSection
	GlobalSection(SolutionProperties) = preSolution
		HideSolutionNode = FALSE
	EndGlobalSection
EndGlobal
